# This file is automatically @generated by Poetry 1.7.1 and should not be changed by hand.

[[package]]
name = "vowpalwabbit"
version = "9.9.0"
description = "Vowpal Wabbit Python package"
optional = false
python-versions = ">=3.6"
files = [
    {file = "vowpalwabbit-9.9.0-cp310-cp310-macosx_10_9_x86_64.whl", hash = "sha256:d7741daf1a4d68976bfce01c6d722e1a9c1de65234f82718848f7d7969a540cc"},
    {file = "vowpalwabbit-9.9.0-cp310-cp310-manylinux_2_12_x86_64.manylinux2010_x86_64.whl", hash = "sha256:5b3ffcd1f8e26dbd311a0f142bcbd06ae44780e81d696aa180ec174a0a46e05f"},
    {file = "vowpalwabbit-9.9.0-cp310-cp310-manylinux_2_17_aarch64.manylinux2014_aarch64.whl", hash = "sha256:150819d66537ecf10f33f0d4cc15025b3779269de0b329abcff00932f17aff70"},
    {file = "vowpalwabbit-9.9.0-cp310-cp310-win_amd64.whl", hash = "sha256:1d595eef464bc59af3f4034fabdcd18c5263bb4ee97a91a710882bb5c3e70adf"},
    {file = "vowpalwabbit-9.9.0-cp36-cp36m-macosx_10_9_x86_64.whl", hash = "sha256:e6455d384b788b92f9dfc24e27d3613627190ce4bce2f900b9e8ff62c9c46f46"},
    {file = "vowpalwabbit-9.9.0-cp36-cp36m-manylinux_2_12_x86_64.manylinux2010_x86_64.whl", hash = "sha256:577395f5bc4df58944d91dff0c854b4abaca54129882c4c48a9a8f6ee787e621"},
    {file = "vowpalwabbit-9.9.0-cp36-cp36m-win_amd64.whl", hash = "sha256:b4e8ab09810d7f779beeafc0ad60179f4d8fe571c65de7308ff1351e97cc9709"},
    {file = "vowpalwabbit-9.9.0-cp37-cp37m-macosx_10_9_x86_64.whl", hash = "sha256:5a73576e876466be38282a4dbe91114d995f478536a0fa73318ea01c147afd69"},
    {file = "vowpalwabbit-9.9.0-cp37-cp37m-manylinux_2_12_x86_64.manylinux2010_x86_64.whl", hash = "sha256:3a75eb0efaa277ca2f59e455809ca8f82813292871c14568b4c9b3590bfc0058"},
    {file = "vowpalwabbit-9.9.0-cp37-cp37m-manylinux_2_17_aarch64.manylinux2014_aarch64.whl", hash = "sha256:a3f5e4387fd438b9e1431dc3f38f72353c2ab4fffbe4b5a1276705164598bd33"},
    {file = "vowpalwabbit-9.9.0-cp37-cp37m-win_amd64.whl", hash = "sha256:6a3c4ea13b07fff5f6f96f189ece93e9f3ec7148a5acdc6237200a88e7fe15aa"},
    {file = "vowpalwabbit-9.9.0-cp38-cp38-macosx_10_9_x86_64.whl", hash = "sha256:5fe72b86b832c5d8b562c510b47a66ed1b3c0fb810b48a1d1ce415436cabcf55"},
    {file = "vowpalwabbit-9.9.0-cp38-cp38-manylinux_2_12_x86_64.manylinux2010_x86_64.whl", hash = "sha256:279538058aff8ad64d1c0d42cfcec0b90c60c1c94bbc466c8f6cef077b75db00"},
    {file = "vowpalwabbit-9.9.0-cp38-cp38-manylinux_2_17_aarch64.manylinux2014_aarch64.whl", hash = "sha256:e8459798cf7ae091ca53a6b734708376672320b441ab32a0e3c87b01d531dfdd"},
    {file = "vowpalwabbit-9.9.0-cp38-cp38-win_amd64.whl", hash = "sha256:9aba19814561f4905ba0fea2853bf06bfc578e206f0b052ac27dfc1b6de0c786"},
    {file = "vowpalwabbit-9.9.0-cp39-cp39-macosx_10_9_x86_64.whl", hash = "sha256:07b234d5d1bc0499904c9a99202fcfdf07d8a43c913f1b8b1dbd38bb11eb95f4"},
    {file = "vowpalwabbit-9.9.0-cp39-cp39-manylinux_2_12_x86_64.manylinux2010_x86_64.whl", hash = "sha256:414a7455b0726292dfb1907d1b1dc3a30aa211572db67fc6f5d0e7c0dd585507"},
    {file = "vowpalwabbit-9.9.0-cp39-cp39-manylinux_2_17_aarch64.manylinux2014_aarch64.whl", hash = "sha256:921d580c945b9be5a71d7c277f62b92388dee6c79e6353ad3bd3acff37b5de5a"},
    {file = "vowpalwabbit-9.9.0-cp39-cp39-win_amd64.whl", hash = "sha256:26a158c2631f9661b7c2e232a0f9434563baf104e14c408a6535586e45ddd8ac"},
    {file = "vowpalwabbit-9.9.0.tar.gz", hash = "sha256:602836108e2b844330715133c7d112f19dc2a0275d794155938959d27b902547"},
]

[metadata]
lock-version = "2.0"
python-versions = ">=3.10,<3.11"
content-hash = "a84df75d5c573f358814670dce7630647412e49cf8db5095102d2b56fda9864b"
